
Microsoft Visual Studio Solution File, Format Version 12.00
# Visual Studio Version 16
VisualStudioVersion = 16.0.33801.447
MinimumVisualStudioVersion = 10.0.40219.1
Project("{8BC9CEB8-8B4A-11D0-8D11-00A0C91BC942}") = "programming9", "programming9.vcxproj", "{9FF3FFB7-968F-4CA6-BE18-35565645720F}"
EndProject
Global
	GlobalSection(SolutionConfigurationPlatforms) = preSolution
		Debug|x64 = Debug|x64
		Debug|x86 = Debug|x86
		Release|x64 = Release|x64
		Release|x86 = Release|x86
	EndGlobalSection
	GlobalSection(ProjectConfigurationPlatforms) = postSolution
		{9FF3FFB7-968F-4CA6-BE18-35565645720F}.Debug|x64.ActiveCfg = Debug|x64
		{9FF3FFB7-968F-4CA6-BE18-35565645720F}.Debug|x64.Build.0 = Debug|x64
		{9FF3FFB7-968F-4CA6-BE18-35565645720F}.Debug|x86.ActiveCfg = Debug|Win32
		{9FF3FFB7-968F-4CA6-BE18-35565645720F}.Debug|x86.Build.0 = Debug|Win32
		{9FF3FFB7-968F-4CA6-BE18-35565645720F}.Release|x64.ActiveCfg = Release|x64
		{9FF3FFB7-968F-4CA6-BE18-35565645720F}.Release|x64.Build.0 = Release|x64
		{9FF3FFB7-968F-4CA6-BE18-35565645720F}.Release|x86.ActiveCfg = Release|Win32
		{9FF3FFB7-968F-4CA6-BE18-35565645720F}.Release|x86.Build.0 = Release|Win32
	EndGlobalSection
	GlobalSection(SolutionProperties) = preSolution
		HideSolutionNode = FALSE
	EndGlobalSection
	GlobalSection(ExtensibilityGlobals) = postSolution
		SolutionGuid = {56E11B95-2847-4A7E-A38A-CC49A6D4BF26}
	EndGlobalSection
EndGlobal
